// !$*UTF8*$!
{
	archiveVersion = 1;
	classes = {
	};
	objectVersion = 46;
	objects = {

/* Begin PBXBuildFile section */
		99EB8C721EFB763700E96206 /* main.m in Sources */ = {isa = PBXBuildFile; fileRef = 99EB8C711EFB763700E96206 /* main.m */; };
		99EB8C751EFB763700E96206 /* AppDelegate.m in Sources */ = {isa = PBXBuildFile; fileRef = 99EB8C741EFB763700E96206 /* AppDelegate.m */; };
		99EB8C781EFB763700E96206 /* ViewController.m in Sources */ = {isa = PBXBuildFile; fileRef = 99EB8C771EFB763700E96206 /* ViewController.m */; };
		99EB8C7B1EFB763700E96206 /* Main.storyboard in Resources */ = {isa = PBXBuildFile; fileRef = 99EB8C791EFB763700E96206 /* Main.storyboard */; };
		99EB8C7D1EFB763700E96206 /* Assets.xcassets in Resources */ = {isa = PBXBuildFile; fileRef = 99EB8C7C1EFB763700E96206 /* Assets.xcassets */; };
		99EB8C801EFB763700E96206 /* LaunchScreen.storyboard in Resources */ = {isa = PBXBuildFile; fileRef = 99EB8C7E1EFB763700E96206 /* LaunchScreen.storyboard */; };
/* End PBXBuildFile section */

/* Begin PBXFileReference section */
		99EB8C6D1EFB763700E96206 /* SQLiteDemo.app */ = {isa = PBXFileReference; explicitFileType = wrapper.application; includeInIndex = 0; path = SQLiteDemo.app; sourceTree = BUILT_PRODUCTS_DIR; };
		99EB8C711EFB763700E96206 /* main.m */ = {isa = PBXFileReference; lastKnownFileType = sourcecode.c.objc; path = main.m; sourceTree = "<group>"; };
		99EB8C731EFB763700E96206 /* AppDelegate.h */ = {isa = PBXFileReference; lastKnownFileType = sourcecode.c.h; path = AppDelegate.h; sourceTree = "<group>"; };
		99EB8C741EFB763700E96206 /* AppDelegate.m */ = {isa = PBXFileReference; lastKnownFileType = sourcecode.c.objc; path = AppDelegate.m; sourceTree = "<group>"; };
		99EB8C761EFB763700E96206 /* ViewController.h */ = {isa = PBXFileReference; lastKnownFileType = sourcecode.c.h; path = ViewController.h; sourceTree = "<group>"; };
		99EB8C771EFB763700E96206 /* ViewController.m */ = {isa = PBXFileReference; lastKnownFileType = sourcecode.c.objc; path = ViewController.m; sourceTree = "<group>"; };
		99EB8C7A1EFB763700E96206 /* Base */ = {isa = PBXFileReference; lastKnownFileType = file.storyboard; name = Base; path = Base.lproj/Main.storyboard; sourceTree = "<group>"; };
		99EB8C7C1EFB763700E96206 /* Assets.xcassets */ = {isa = PBXFileReference; lastKnownFileType = folder.assetcatalog; path = Assets.xcassets; sourceTree = "<group>"; };
		99EB8C7F1EFB763700E96206 /* Base */ = {isa = PBXFileReference; lastKnownFileType = file.storyboard; name = Base; path = Base.lproj/LaunchScreen.storyboard; sourceTree = "<group>"; };
		99EB8C811EFB763700E96206 /* Info.plist */ = {isa = PBXFileReference; lastKnownFileType = text.plist.xml; path = Info.plist; sourceTree = "<group>"; };
/* End PBXFileReference section */

/* Begin PBXFrameworksBuildPhase section */
		99EB8C6A1EFB763700E96206 /* Frameworks */ = {
			isa = PBXFrameworksBuildPhase;
			buildActionMask = 2147483647;
			files = (
			);
			runOnlyForDeploymentPostprocessing = 0;
		};
/* End PBXFrameworksBuildPhase section */

/* Begin PBXGroup section */
		99EB8C641EFB763700E96206 = {
			isa = PBXGroup;
			children = (
				99EB8C6F1EFB763700E96206 /* SQLiteDemo */,
				99EB8C6E1EFB763700E96206 /* Products */,
			);
			sourceTree = "<group>";
		};
		99EB8C6E1EFB763700E96206 /* Products */ = {
			isa = PBXGroup;
			children = (
				99EB8C6D1EFB763700E96206 /* SQLiteDemo.app */,
			);
			name = Products;
			sourceTree = "<group>";
		};
		99EB8C6F1EFB763700E96206 /* SQLiteDemo */ = {
			isa = PBXGroup;
			children = (
				99EB8C731EFB763700E96206 /* AppDelegate.h */,
				99EB8C741EFB763700E96206 /* AppDelegate.m */,
				99EB8C761EFB763700E96206 /* ViewController.h */,
				99EB8C771EFB763700E96206 /* ViewController.m */,
				99EB8C791EFB763700E96206 /* Main.storyboard */,
				99EB8C7C1EFB763700E96206 /* Assets.xcassets */,
				99EB8C7E1EFB763700E96206 /* LaunchScreen.storyboard */,
				99EB8C811EFB763700E96206 /* Info.plist */,
				99EB8C701EFB763700E96206 /* Supporting Files */,
			);
			path = SQLiteDemo;
			sourceTree = "<group>";
		};
		99EB8C701EFB763700E96206 /* Supporting Files */ = {
			isa = PBXGroup;
			children = (
				99EB8C711EFB763700E96206 /* main.m */,
			);
			name = "Supporting Files";
			sourceTree = "<group>";
		};
/* End PBXGroup section */

/* Begin PBXNativeTarget section */
		99EB8C6C1EFB763700E96206 /* SQLiteDemo */ = {
			isa = PBXNativeTarget;
			buildConfigurationList = 99EB8C841EFB763700E96206 /* Build configuration list for PBXNativeTarget "SQLiteDemo" */;
			buildPhases = (
				99EB8C691EFB763700E96206 /* Sources */,
				99EB8C6A1EFB763700E96206 /* Frameworks */,
				99EB8C6B1EFB763700E96206 /* Resources */,
			);
			buildRules = (
			);
			dependencies = (
			);
			name = SQLiteDemo;
			productName = SQLiteDemo;
			productReference = 99EB8C6D1EFB763700E96206 /* SQLiteDemo.app */;
			productType = "com.apple.product-type.application";
		};
/* End PBXNativeTarget section */

/* Begin PBXProject section */
		99EB8C651EFB763700E96206 /* Project object */ = {
			isa = PBXProject;
			attributes = {
				LastUpgradeCheck = 0830;
				ORGANIZATIONNAME = Reborn;
				TargetAttributes = {
					99EB8C6C1EFB763700E96206 = {
						CreatedOnToolsVersion = 8.3.3;
						ProvisioningStyle = Automatic;
					};
				};
			};
			buildConfigurationList = 99EB8C681EFB763700E96206 /* Build configuration list for PBXProject "SQLiteDemo" */;
			compatibilityVersion = "Xcode 3.2";
			developmentRegion = English;
			hasScannedForEncodings = 0;
			knownRegions = (
				en,
				Base,
			);
			mainGroup = 99EB8C641EFB763700E96206;
			productRefGroup = 99EB8C6E1EFB763700E96206 /* Products */;
			projectDirPath = "";
			projectRoot = "";
			targets = (
				99EB8C6C1EFB763700E96206 /* SQLiteDemo */,
			);
		};
/* End PBXProject section */

/* Begin PBXResourcesBuildPhase section */
		99EB8C6B1EFB763700E96206 /* Resources */ = {
			isa = PBXResourcesBuildPhase;
			buildActionMask = 2147483647;
			files = (
				99EB8C801EFB763700E96206 /* LaunchScreen.storyboard in Resources */,
				99EB8C7D1EFB763700E96206 /* Assets.xcassets in Resources */,
				99EB8C7B1EFB763700E96206 /* Main.storyboard in Resources */,
			);
			runOnlyForDeploymentPostprocessing = 0;
		};
/* End PBXResourcesBuildPhase section */

/* Begin PBXSourcesBuildPhase section */
		99EB8C691EFB763700E96206 /* Sources */ = {
			isa = PBXSourcesBuildPhase;
			buildActionMask = 2147483647;
			files = (
				99EB8C781EFB763700E96206 /* ViewController.m in Sources */,
				99EB8C751EFB763700E96206 /* AppDelegate.m in Sources */,
				99EB8C721EFB763700E96206 /* main.m in Sources */,
			);
			runOnlyForDeploymentPostprocessing = 0;
		};
/* End PBXSourcesBuildPhase section */

/* Begin PBXVariantGroup section */
		99EB8C791EFB763700E96206 /* Main.storyboard */ = {
			isa = PBXVariantGroup;
			children = (
				99EB8C7A1EFB763700E96206 /* Base */,
			);
			name = Main.storyboard;
			sourceTree = "<group>";
		};
		99EB8C7E1EFB763700E96206 /* LaunchScreen.storyboard */ = {
			isa = PBXVariantGroup;
			children = (
				99EB8C7F1EFB763700E96206 /* Base */,
			);
			name = LaunchScreen.storyboard;
			sourceTree = "<group>";
		};
/* End PBXVariantGroup section */

/* Begin XCBuildConfiguration section */
		99EB8C821EFB763700E96206 /* Debug */ = {
			isa = XCBuildConfiguration;
			buildSettings = {
				ALWAYS_SEARCH_USER_PATHS = NO;
				CLANG_ANALYZER_NONNULL = YES;
				CLANG_ANALYZER_NUMBER_OBJECT_CONVERSION = YES_AGGRESSIVE;
				CLANG_CXX_LANGUAGE_STANDARD = "gnu++0x";
				CLANG_CXX_LIBRARY = "libc++";
				CLANG_ENABLE_MODULES = YES;
				CLANG_ENABLE_OBJC_ARC = YES;
				CLANG_WARN_BOOL_CONVERSION = YES;
				CLANG_WARN_CONSTANT_CONVERSION = YES;
				CLANG_WARN_DIRECT_OBJC_ISA_USAGE = YES_ERROR;
				CLANG_WARN_DOCUMENTATION_COMMENTS = YES;
				CLANG_WARN_EMPTY_BODY = YES;
				CLANG_WARN_ENUM_CONVERSION = YES;
				CLANG_WARN_INFINITE_RECURSION = YES;
				CLANG_WARN_INT_CONVERSION = YES;
				CLANG_WARN_OBJC_ROOT_CLASS = YES_ERROR;
				CLANG_WARN_SUSPICIOUS_MOVE = YES;
				CLANG_WARN_UNREACHABLE_CODE = YES;
				CLANG_WARN__DUPLICATE_METHOD_MATCH = YES;
				"CODE_SIGN_IDENTITY[sdk=iphoneos*]" = "iPhone Developer";
				COPY_PHASE_STRIP = NO;
				DEBUG_INFORMATION_FORMAT = dwarf;
				ENABLE_STRICT_OBJC_MSGSEND = YES;
				ENABLE_TESTABILITY = YES;
				GCC_C_LANGUAGE_STANDARD = gnu99;
				GCC_DYNAMIC_NO_PIC = NO;
				GCC_NO_COMMON_BLOCKS = YES;
				GCC_OPTIMIZATION_LEVEL = 0;
				GCC_PREPROCESSOR_DEFINITIONS = (
					"DEBUG=1",
					"$(inherited)",
				);
				GCC_WARN_64_TO_32_BIT_CONVERSION = YES;
				GCC_WARN_ABOUT_RETURN_TYPE = YES_ERROR;
				GCC_WARN_UNDECLARED_SELECTOR = YES;
				GCC_WARN_UNINITIALIZED_AUTOS = YES_AGGRESSIVE;
				GCC_WARN_UNUSED_FUNCTION = YES;
				GCC_WARN_UNUSED_VARIABLE = YES;
				IPHONEOS_DEPLOYMENT_TARGET = 10.3;
				MTL_ENABLE_DEBUG_INFO = YES;
				ONLY_ACTIVE_ARCH = YES;
				SDKROOT = iphoneos;
				TARGETED_DEVICE_FAMILY = "1,2";
			};
			name = Debug;
		};
		99EB8C831EFB763700E96206 /* Release */ = {
			isa = XCBuildConfiguration;
			buildSettings = {
				ALWAYS_SEARCH_USER_PATHS = NO;
				CLANG_ANALYZER_NONNULL = YES;
				CLANG_ANALYZER_NUMBER_OBJECT_CONVERSION = YES_AGGRESSIVE;
				CLANG_CXX_LANGUAGE_STANDARD = "gnu++0x";
				CLANG_CXX_LIBRARY = "libc++";
				CLANG_ENABLE_MODULES = YES;
				CLANG_ENABLE_OBJC_ARC = YES;
				CLANG_WARN_BOOL_CONVERSION = YES;
				CLANG_WARN_CONSTANT_CONVERSION = YES;
				CLANG_WARN_DIRECT_OBJC_ISA_USAGE = YES_ERROR;
				CLANG_WARN_DOCUMENTATION_COMMENTS = YES;
				CLANG_WARN_EMPTY_BODY = YES;
				CLANG_WARN_ENUM_CONVERSION = YES;
				CLANG_WARN_INFINITE_RECURSION = YES;
				CLANG_WARN_INT_CONVERSION = YES;
				CLANG_WARN_OBJC_ROOT_CLASS = YES_ERROR;
				CLANG_WARN_SUSPICIOUS_MOVE = YES;
				CLANG_WARN_UNREACHABLE_CODE = YES;
				CLANG_WARN__DUPLICATE_METHOD_MATCH = YES;
				"CODE_SIGN_IDENTITY[sdk=iphoneos*]" = "iPhone Developer";
				COPY_PHASE_STRIP = NO;
				DEBUG_INFORMATION_FORMAT = "dwarf-with-dsym";
				ENABLE_NS_ASSERTIONS = NO;
				ENABLE_STRICT_OBJC_MSGSEND = YES;
				GCC_C_LANGUAGE_STANDARD = gnu99;
				GCC_NO_COMMON_BLOCKS = YES;
				GCC_WARN_64_TO_32_BIT_CONVERSION = YES;
				GCC_WARN_ABOUT_RETURN_TYPE = YES_ERROR;
				GCC_WARN_UNDECLARED_SELECTOR = YES;
				GCC_WARN_UNINITIALIZED_AUTOS = YES_AGGRESSIVE;
				GCC_WARN_UNUSED_FUNCTION = YES;
				GCC_WARN_UNUSED_VARIABLE = YES;
				IPHONEOS_DEPLOYMENT_TARGET = 10.3;
				MTL_ENABLE_DEBUG_INFO = NO;
				SDKROOT = iphoneos;
				TARGETED_DEVICE_FAMILY = "1,2";
				VALIDATE_PRODUCT = YES;
			};
			name = Release;
		};
		99EB8C851EFB763700E96206 /* Debug */ = {
			isa = XCBuildConfiguration;
			buildSettings = {
				ASSETCATALOG_COMPILER_APPICON_NAME = AppIcon;
				INFOPLIST_FILE = SQLiteDemo/Info.plist;
				LD_RUNPATH_SEARCH_PATHS = "$(inherited) @executable_path/Frameworks";
				PRODUCT_BUNDLE_IDENTIFIER = Reborn.SQLiteDemo;
				PRODUCT_NAME = "$(TARGET_NAME)";
			};
			name = Debug;
		};
		99EB8C861EFB763700E96206 /* Release */ = {
			isa = XCBuildConfiguration;
			buildSettings = {
				ASSETCATALOG_COMPILER_APPICON_NAME = AppIcon;
				INFOPLIST_FILE = SQLiteDemo/Info.plist;
				LD_RUNPATH_SEARCH_PATHS = "$(inherited) @executable_path/Frameworks";
				PRODUCT_BUNDLE_IDENTIFIER = Reborn.SQLiteDemo;
				PRODUCT_NAME = "$(TARGET_NAME)";
			};
			name = Release;
		};
/* End XCBuildConfiguration section */

/* Begin XCConfigurationList section */
		99EB8C681EFB763700E96206 /* Build configuration list for PBXProject "SQLiteDemo" */ = {
			isa = XCConfigurationList;
			buildConfigurations = (
				99EB8C821EFB763700E96206 /* Debug */,
				99EB8C831EFB763700E96206 /* Release */,
			);
			defaultConfigurationIsVisible = 0;
			defaultConfigurationName = Release;
		};
		99EB8C841EFB763700E96206 /* Build configuration list for PBXNativeTarget "SQLiteDemo" */ = {
			isa = XCConfigurationList;
			buildConfigurations = (
				99EB8C851EFB763700E96206 /* Debug */,
				99EB8C861EFB763700E96206 /* Release */,
			);
			defaultConfigurationIsVisible = 0;
		};
/* End XCConfigurationList section */
	};
	rootObject = 99EB8C651EFB763700E96206 /* Project object */;
}
